
Microsoft Visual Studio Solution File, Format Version 12.00
Project("{FAE04EC0-301F-11D3-BF4B-00C04F79EFBC}") = "ConsoleApp17", "ConsoleApp17\ConsoleApp17.csproj", "{1B236DB5-5032-43C8-BAEA-4DB1D8D3DCEC}"
EndProject
Global
	GlobalSection(SolutionConfigurationPlatforms) = preSolution
		Debug|Any CPU = Debug|Any CPU
		Release|Any CPU = Release|Any CPU
	EndGlobalSection
	GlobalSection(ProjectConfigurationPlatforms) = postSolution
		{1B236DB5-5032-43C8-BAEA-4DB1D8D3DCEC}.Debug|Any CPU.ActiveCfg = Debug|Any CPU
		{1B236DB5-5032-43C8-BAEA-4DB1D8D3DCEC}.Debug|Any CPU.Build.0 = Debug|Any CPU
		{1B236DB5-5032-43C8-BAEA-4DB1D8D3DCEC}.Release|Any CPU.ActiveCfg = Release|Any CPU
		{1B236DB5-5032-43C8-BAEA-4DB1D8D3DCEC}.Release|Any CPU.Build.0 = Release|Any CPU
	EndGlobalSection
EndGlobal
