
Microsoft Visual Studio Solution File, Format Version 12.00
# Visual Studio Version 17
VisualStudioVersion = 17.7.34202.233
MinimumVisualStudioVersion = 10.0.40219.1
Project("{FAE04EC0-301F-11D3-BF4B-00C04F79EFBC}") = "12.10.2023", "12.10.2023\12.10.2023.csproj", "{1A3550C2-9289-4B06-9AFC-C7974D2FA2FB}"
EndProject
Global
	GlobalSection(SolutionConfigurationPlatforms) = preSolution
		Debug|Any CPU = Debug|Any CPU
		Release|Any CPU = Release|Any CPU
	EndGlobalSection
	GlobalSection(ProjectConfigurationPlatforms) = postSolution
		{1A3550C2-9289-4B06-9AFC-C7974D2FA2FB}.Debug|Any CPU.ActiveCfg = Debug|Any CPU
		{1A3550C2-9289-4B06-9AFC-C7974D2FA2FB}.Debug|Any CPU.Build.0 = Debug|Any CPU
		{1A3550C2-9289-4B06-9AFC-C7974D2FA2FB}.Release|Any CPU.ActiveCfg = Release|Any CPU
		{1A3550C2-9289-4B06-9AFC-C7974D2FA2FB}.Release|Any CPU.Build.0 = Release|Any CPU
	EndGlobalSection
	GlobalSection(SolutionProperties) = preSolution
		HideSolutionNode = FALSE
	EndGlobalSection
	GlobalSection(ExtensibilityGlobals) = postSolution
		SolutionGuid = {EB1F745B-0242-4722-8901-75D3B5D0EBFE}
	EndGlobalSection
EndGlobal
