
Microsoft Visual Studio Solution File, Format Version 12.00
# Visual Studio Version 17
VisualStudioVersion = 17.8.34525.116
MinimumVisualStudioVersion = 10.0.40219.1
Project("{FAE04EC0-301F-11D3-BF4B-00C04F79EFBC}") = "AcademyApi", "AcademyApi\AcademyApi.csproj", "{ADBE6222-4848-43AA-9BBE-0FC99E05E960}"
EndProject
Global
	GlobalSection(SolutionConfigurationPlatforms) = preSolution
		Debug|Any CPU = Debug|Any CPU
		Release|Any CPU = Release|Any CPU
	EndGlobalSection
	GlobalSection(ProjectConfigurationPlatforms) = postSolution
		{ADBE6222-4848-43AA-9BBE-0FC99E05E960}.Debug|Any CPU.ActiveCfg = Debug|Any CPU
		{ADBE6222-4848-43AA-9BBE-0FC99E05E960}.Debug|Any CPU.Build.0 = Debug|Any CPU
		{ADBE6222-4848-43AA-9BBE-0FC99E05E960}.Release|Any CPU.ActiveCfg = Release|Any CPU
		{ADBE6222-4848-43AA-9BBE-0FC99E05E960}.Release|Any CPU.Build.0 = Release|Any CPU
	EndGlobalSection
	GlobalSection(SolutionProperties) = preSolution
		HideSolutionNode = FALSE
	EndGlobalSection
	GlobalSection(ExtensibilityGlobals) = postSolution
		SolutionGuid = {A041F126-283B-46AE-9F5A-FE1D4C0439A7}
	EndGlobalSection
EndGlobal
