
Microsoft Visual Studio Solution File, Format Version 12.00
# Visual Studio Version 17
VisualStudioVersion = 17.9.34607.119
MinimumVisualStudioVersion = 10.0.40219.1
Project("{9A19103F-16F7-4668-BE54-9A1E7A4F7556}") = "23.01.2024", "OMDBAPI\23.01.2024.csproj", "{958BAD32-A49E-41E3-B9EF-300E45821807}"
EndProject
Global
	GlobalSection(SolutionConfigurationPlatforms) = preSolution
		Debug|Any CPU = Debug|Any CPU
		Release|Any CPU = Release|Any CPU
	EndGlobalSection
	GlobalSection(ProjectConfigurationPlatforms) = postSolution
		{958BAD32-A49E-41E3-B9EF-300E45821807}.Debug|Any CPU.ActiveCfg = Debug|Any CPU
		{958BAD32-A49E-41E3-B9EF-300E45821807}.Debug|Any CPU.Build.0 = Debug|Any CPU
		{958BAD32-A49E-41E3-B9EF-300E45821807}.Release|Any CPU.ActiveCfg = Release|Any CPU
		{958BAD32-A49E-41E3-B9EF-300E45821807}.Release|Any CPU.Build.0 = Release|Any CPU
	EndGlobalSection
	GlobalSection(SolutionProperties) = preSolution
		HideSolutionNode = FALSE
	EndGlobalSection
	GlobalSection(ExtensibilityGlobals) = postSolution
		SolutionGuid = {E4F48BD1-A94E-490F-990E-A242B6CAF643}
	EndGlobalSection
EndGlobal
